
Microsoft Visual Studio Solution File, Format Version 12.00
# Visual Studio Version 16
VisualStudioVersion = 16.0.32510.428
MinimumVisualStudioVersion = 10.0.40219.1
Project("{FAE04EC0-301F-11D3-BF4B-00C04F79EFBC}") = "AuthenDemo", "AuthenDemo\AuthenDemo.csproj", "{4401576A-6F5B-40BD-9674-8FF2D119D43B}"
EndProject
Global
	GlobalSection(SolutionConfigurationPlatforms) = preSolution
		Debug|Any CPU = Debug|Any CPU
		Release|Any CPU = Release|Any CPU
	EndGlobalSection
	GlobalSection(ProjectConfigurationPlatforms) = postSolution
		{4401576A-6F5B-40BD-9674-8FF2D119D43B}.Debug|Any CPU.ActiveCfg = Debug|Any CPU
		{4401576A-6F5B-40BD-9674-8FF2D119D43B}.Debug|Any CPU.Build.0 = Debug|Any CPU
		{4401576A-6F5B-40BD-9674-8FF2D119D43B}.Release|Any CPU.ActiveCfg = Release|Any CPU
		{4401576A-6F5B-40BD-9674-8FF2D119D43B}.Release|Any CPU.Build.0 = Release|Any CPU
	EndGlobalSection
	GlobalSection(SolutionProperties) = preSolution
		HideSolutionNode = FALSE
	EndGlobalSection
	GlobalSection(ExtensibilityGlobals) = postSolution
		SolutionGuid = {FEEE28A6-9DD9-430D-A7E1-20E06D8D32A6}
	EndGlobalSection
EndGlobal
